
Microsoft Visual Studio Solution File, Format Version 12.00
# Visual Studio Version 16
VisualStudioVersion = 16.0.31005.135
MinimumVisualStudioVersion = 10.0.40219.1
Project("{FAE04EC0-301F-11D3-BF4B-00C04F79EFBC}") = "CalorieTrackerV2", "CalorieTrackerV2\CalorieTrackerV2.csproj", "{5F13B600-EC11-42B3-913E-A3E50BAA0E50}"
EndProject
Global
	GlobalSection(SolutionConfigurationPlatforms) = preSolution
		Debug|Any CPU = Debug|Any CPU
		Release|Any CPU = Release|Any CPU
	EndGlobalSection
	GlobalSection(ProjectConfigurationPlatforms) = postSolution
		{5F13B600-EC11-42B3-913E-A3E50BAA0E50}.Debug|Any CPU.ActiveCfg = Debug|Any CPU
		{5F13B600-EC11-42B3-913E-A3E50BAA0E50}.Debug|Any CPU.Build.0 = Debug|Any CPU
		{5F13B600-EC11-42B3-913E-A3E50BAA0E50}.Release|Any CPU.ActiveCfg = Release|Any CPU
		{5F13B600-EC11-42B3-913E-A3E50BAA0E50}.Release|Any CPU.Build.0 = Release|Any CPU
	EndGlobalSection
	GlobalSection(SolutionProperties) = preSolution
		HideSolutionNode = FALSE
	EndGlobalSection
	GlobalSection(ExtensibilityGlobals) = postSolution
		SolutionGuid = {425C77FE-13EA-49DA-BC7D-3111BA51A423}
	EndGlobalSection
EndGlobal
